
Microsoft Visual Studio Solution File, Format Version 12.00
# Visual Studio Version 17
VisualStudioVersion = 17.14.36616.10 d17.14
MinimumVisualStudioVersion = 10.0.40219.1
Project("{FAE04EC0-301F-11D3-BF4B-00C04F79EFBC}") = "PromptEngineeringApp", "ConsoleApp1PromptEngineeringApp\PromptEngineeringApp.csproj", "{70A558B2-BF50-4B31-8877-67EED32E6D2B}"
EndProject
Global
	GlobalSection(SolutionConfigurationPlatforms) = preSolution
		Debug|Any CPU = Debug|Any CPU
		Release|Any CPU = Release|Any CPU
	EndGlobalSection
	GlobalSection(ProjectConfigurationPlatforms) = postSolution
		{70A558B2-BF50-4B31-8877-67EED32E6D2B}.Debug|Any CPU.ActiveCfg = Debug|Any CPU
		{70A558B2-BF50-4B31-8877-67EED32E6D2B}.Debug|Any CPU.Build.0 = Debug|Any CPU
		{70A558B2-BF50-4B31-8877-67EED32E6D2B}.Release|Any CPU.ActiveCfg = Release|Any CPU
		{70A558B2-BF50-4B31-8877-67EED32E6D2B}.Release|Any CPU.Build.0 = Release|Any CPU
	EndGlobalSection
	GlobalSection(SolutionProperties) = preSolution
		HideSolutionNode = FALSE
	EndGlobalSection
	GlobalSection(ExtensibilityGlobals) = postSolution
		SolutionGuid = {978DCFCB-31D0-405E-AC60-3DE34F457E63}
	EndGlobalSection
EndGlobal
