
Microsoft Visual Studio Solution File, Format Version 12.00
# Visual Studio Version 17
VisualStudioVersion = 17.14.36616.10 d17.14
MinimumVisualStudioVersion = 10.0.40219.1
Project("{FAE04EC0-301F-11D3-BF4B-00C04F79EFBC}") = "PromptEngineeringApp", "PromptEngineeringApp.csproj", "{86FE4524-1760-C5EE-DB29-06E1B4F4D350}"
EndProject
Project("{FAE04EC0-301F-11D3-BF4B-00C04F79EFBC}") = "PromptEngineeringApp.Tests", "..\PromptEngineeringApp.Tests\PromptEngineeringApp.Tests.csproj", "{5838B3A0-15FB-4935-8D05-7C064759D037}"
EndProject
Global
	GlobalSection(SolutionConfigurationPlatforms) = preSolution
		Debug|Any CPU = Debug|Any CPU
		Release|Any CPU = Release|Any CPU
	EndGlobalSection
	GlobalSection(ProjectConfigurationPlatforms) = postSolution
		{86FE4524-1760-C5EE-DB29-06E1B4F4D350}.Debug|Any CPU.ActiveCfg = Debug|Any CPU
		{86FE4524-1760-C5EE-DB29-06E1B4F4D350}.Debug|Any CPU.Build.0 = Debug|Any CPU
		{86FE4524-1760-C5EE-DB29-06E1B4F4D350}.Release|Any CPU.ActiveCfg = Release|Any CPU
		{86FE4524-1760-C5EE-DB29-06E1B4F4D350}.Release|Any CPU.Build.0 = Release|Any CPU
		{5838B3A0-15FB-4935-8D05-7C064759D037}.Debug|Any CPU.ActiveCfg = Debug|Any CPU
		{5838B3A0-15FB-4935-8D05-7C064759D037}.Debug|Any CPU.Build.0 = Debug|Any CPU
		{5838B3A0-15FB-4935-8D05-7C064759D037}.Release|Any CPU.ActiveCfg = Release|Any CPU
		{5838B3A0-15FB-4935-8D05-7C064759D037}.Release|Any CPU.Build.0 = Release|Any CPU
	EndGlobalSection
	GlobalSection(SolutionProperties) = preSolution
		HideSolutionNode = FALSE
	EndGlobalSection
	GlobalSection(ExtensibilityGlobals) = postSolution
		SolutionGuid = {9BCCAC42-67C7-4C86-8A2E-2C76A847B83E}
	EndGlobalSection
EndGlobal
